
Microsoft Visual Studio Solution File, Format Version 12.00
# Visual Studio Version 16
VisualStudioVersion = 16.0.30523.141
MinimumVisualStudioVersion = 10.0.40219.1
Project("{9A19103F-16F7-4668-BE54-9A1E7A4F7556}") = "projekt", "projekt\projekt.csproj", "{74EEA510-DA31-4C29-B453-BCF3903CB6C6}"
EndProject
Project("{FAE04EC0-301F-11D3-BF4B-00C04F79EFBC}") = "ProductControllerTest", "ProductControllerTest\ProductControllerTest.csproj", "{D7F42F1A-AFA2-4C5E-A805-209A4C124ABD}"
EndProject
Global
	GlobalSection(SolutionConfigurationPlatforms) = preSolution
		Debug|Any CPU = Debug|Any CPU
		Release|Any CPU = Release|Any CPU
	EndGlobalSection
	GlobalSection(ProjectConfigurationPlatforms) = postSolution
		{74EEA510-DA31-4C29-B453-BCF3903CB6C6}.Debug|Any CPU.ActiveCfg = Debug|Any CPU
		{74EEA510-DA31-4C29-B453-BCF3903CB6C6}.Debug|Any CPU.Build.0 = Debug|Any CPU
		{74EEA510-DA31-4C29-B453-BCF3903CB6C6}.Release|Any CPU.ActiveCfg = Release|Any CPU
		{74EEA510-DA31-4C29-B453-BCF3903CB6C6}.Release|Any CPU.Build.0 = Release|Any CPU
		{D7F42F1A-AFA2-4C5E-A805-209A4C124ABD}.Debug|Any CPU.ActiveCfg = Debug|Any CPU
		{D7F42F1A-AFA2-4C5E-A805-209A4C124ABD}.Debug|Any CPU.Build.0 = Debug|Any CPU
		{D7F42F1A-AFA2-4C5E-A805-209A4C124ABD}.Release|Any CPU.ActiveCfg = Release|Any CPU
		{D7F42F1A-AFA2-4C5E-A805-209A4C124ABD}.Release|Any CPU.Build.0 = Release|Any CPU
	EndGlobalSection
	GlobalSection(SolutionProperties) = preSolution
		HideSolutionNode = FALSE
	EndGlobalSection
	GlobalSection(ExtensibilityGlobals) = postSolution
		SolutionGuid = {70CE749F-1EE8-4DEA-AC75-08DC189D52FD}
	EndGlobalSection
EndGlobal
